// !$*UTF8*$!
{
	archiveVersion = 1;
	classes = {
	};
	objectVersion = 46;
	objects = {

/* Begin PBXBuildFile section */
		6B55305B1F23E3CC001A7BA4 /* AppDelegate.swift in Sources */ = {isa = PBXBuildFile; fileRef = 6B55305A1F23E3CC001A7BA4 /* AppDelegate.swift */; };
		6B55305D1F23E3CC001A7BA4 /* MainScreenController.swift in Sources */ = {isa = PBXBuildFile; fileRef = 6B55305C1F23E3CC001A7BA4 /* MainScreenController.swift */; };
		6B5530601F23E3CC001A7BA4 /* Main.storyboard in Resources */ = {isa = PBXBuildFile; fileRef = 6B55305E1F23E3CC001A7BA4 /* Main.storyboard */; };
		6B5530621F23E3CC001A7BA4 /* Assets.xcassets in Resources */ = {isa = PBXBuildFile; fileRef = 6B5530611F23E3CC001A7BA4 /* Assets.xcassets */; };
		6B5530651F23E3CC001A7BA4 /* LaunchScreen.storyboard in Resources */ = {isa = PBXBuildFile; fileRef = 6B5530631F23E3CC001A7BA4 /* LaunchScreen.storyboard */; };
		6B5530701F23E3CC001A7BA4 /* PixelSortingUITests.swift in Sources */ = {isa = PBXBuildFile; fileRef = 6B55306F1F23E3CC001A7BA4 /* PixelSortingUITests.swift */; };
		6B55307B1F23EA56001A7BA4 /* ImageProcessing.swift in Sources */ = {isa = PBXBuildFile; fileRef = 6B55307A1F23EA56001A7BA4 /* ImageProcessing.swift */; };
		6B5848821F28166F00F3A469 /* CollectionViewCell.swift in Sources */ = {isa = PBXBuildFile; fileRef = 6B5848811F28166F00F3A469 /* CollectionViewCell.swift */; };
		6B79C40A1F296ADC0069ABC1 /* OpeningScreenViewController.swift in Sources */ = {isa = PBXBuildFile; fileRef = 6B79C4091F296ADC0069ABC1 /* OpeningScreenViewController.swift */; };
		A7D13C221F315D2A00359287 /* AVKit.framework in Frameworks */ = {isa = PBXBuildFile; fileRef = A7D13C211F315D2A00359287 /* AVKit.framework */; };
		A7D13C241F315D3100359287 /* AVFoundation.framework in Frameworks */ = {isa = PBXBuildFile; fileRef = A7D13C231F315D3100359287 /* AVFoundation.framework */; };
/* End PBXBuildFile section */

/* Begin PBXContainerItemProxy section */
		6B55306C1F23E3CC001A7BA4 /* PBXContainerItemProxy */ = {
			isa = PBXContainerItemProxy;
			containerPortal = 6B55304F1F23E3CC001A7BA4 /* Project object */;
			proxyType = 1;
			remoteGlobalIDString = 6B5530561F23E3CC001A7BA4;
			remoteInfo = PixelSorting;
		};
/* End PBXContainerItemProxy section */

/* Begin PBXFileReference section */
		6B5530571F23E3CC001A7BA4 /* Pixelizer.app */ = {isa = PBXFileReference; explicitFileType = wrapper.application; includeInIndex = 0; path = Pixelizer.app; sourceTree = BUILT_PRODUCTS_DIR; };
		6B55305A1F23E3CC001A7BA4 /* AppDelegate.swift */ = {isa = PBXFileReference; lastKnownFileType = sourcecode.swift; path = AppDelegate.swift; sourceTree = "<group>"; };
		6B55305C1F23E3CC001A7BA4 /* MainScreenController.swift */ = {isa = PBXFileReference; lastKnownFileType = sourcecode.swift; path = MainScreenController.swift; sourceTree = "<group>"; };
		6B55305F1F23E3CC001A7BA4 /* Base */ = {isa = PBXFileReference; lastKnownFileType = file.storyboard; name = Base; path = Base.lproj/Main.storyboard; sourceTree = "<group>"; };
		6B5530611F23E3CC001A7BA4 /* Assets.xcassets */ = {isa = PBXFileReference; lastKnownFileType = folder.assetcatalog; path = Assets.xcassets; sourceTree = "<group>"; };
		6B5530641F23E3CC001A7BA4 /* Base */ = {isa = PBXFileReference; lastKnownFileType = file.storyboard; name = Base; path = Base.lproj/LaunchScreen.storyboard; sourceTree = "<group>"; };
		6B5530661F23E3CC001A7BA4 /* Info.plist */ = {isa = PBXFileReference; lastKnownFileType = text.plist.xml; path = Info.plist; sourceTree = "<group>"; };
		6B55306B1F23E3CC001A7BA4 /* PixelizerUITests.xctest */ = {isa = PBXFileReference; explicitFileType = wrapper.cfbundle; includeInIndex = 0; path = PixelizerUITests.xctest; sourceTree = BUILT_PRODUCTS_DIR; };
		6B55306F1F23E3CC001A7BA4 /* PixelSortingUITests.swift */ = {isa = PBXFileReference; lastKnownFileType = sourcecode.swift; path = PixelSortingUITests.swift; sourceTree = "<group>"; };
		6B5530711F23E3CC001A7BA4 /* Info.plist */ = {isa = PBXFileReference; lastKnownFileType = text.plist.xml; path = Info.plist; sourceTree = "<group>"; };
		6B55307A1F23EA56001A7BA4 /* ImageProcessing.swift */ = {isa = PBXFileReference; fileEncoding = 4; lastKnownFileType = sourcecode.swift; path = ImageProcessing.swift; sourceTree = "<group>"; };
		6B5848811F28166F00F3A469 /* CollectionViewCell.swift */ = {isa = PBXFileReference; fileEncoding = 4; lastKnownFileType = sourcecode.swift; path = CollectionViewCell.swift; sourceTree = "<group>"; };
		6B79C4091F296ADC0069ABC1 /* OpeningScreenViewController.swift */ = {isa = PBXFileReference; fileEncoding = 4; lastKnownFileType = sourcecode.swift; path = OpeningScreenViewController.swift; sourceTree = "<group>"; };
		A7D13C211F315D2A00359287 /* AVKit.framework */ = {isa = PBXFileReference; lastKnownFileType = wrapper.framework; name = AVKit.framework; path = System/Library/Frameworks/AVKit.framework; sourceTree = SDKROOT; };
		A7D13C231F315D3100359287 /* AVFoundation.framework */ = {isa = PBXFileReference; lastKnownFileType = wrapper.framework; name = AVFoundation.framework; path = System/Library/Frameworks/AVFoundation.framework; sourceTree = SDKROOT; };
/* End PBXFileReference section */

/* Begin PBXFrameworksBuildPhase section */
		6B5530541F23E3CC001A7BA4 /* Frameworks */ = {
			isa = PBXFrameworksBuildPhase;
			buildActionMask = 2147483647;
			files = (
				A7D13C241F315D3100359287 /* AVFoundation.framework in Frameworks */,
				A7D13C221F315D2A00359287 /* AVKit.framework in Frameworks */,
			);
			runOnlyForDeploymentPostprocessing = 0;
		};
		6B5530681F23E3CC001A7BA4 /* Frameworks */ = {
			isa = PBXFrameworksBuildPhase;
			buildActionMask = 2147483647;
			files = (
			);
			runOnlyForDeploymentPostprocessing = 0;
		};
/* End PBXFrameworksBuildPhase section */

/* Begin PBXGroup section */
		6B55304E1F23E3CC001A7BA4 = {
			isa = PBXGroup;
			children = (
				6B5530591F23E3CC001A7BA4 /* Pixelizer */,
				6B55306E1F23E3CC001A7BA4 /* PixelizerUITests */,
				6B5530581F23E3CC001A7BA4 /* Products */,
				A7D13C201F315D2A00359287 /* Frameworks */,
			);
			sourceTree = "<group>";
		};
		6B5530581F23E3CC001A7BA4 /* Products */ = {
			isa = PBXGroup;
			children = (
				6B5530571F23E3CC001A7BA4 /* Pixelizer.app */,
				6B55306B1F23E3CC001A7BA4 /* PixelizerUITests.xctest */,
			);
			name = Products;
			sourceTree = "<group>";
		};
		6B5530591F23E3CC001A7BA4 /* Pixelizer */ = {
			isa = PBXGroup;
			children = (
				6B55305A1F23E3CC001A7BA4 /* AppDelegate.swift */,
				6B55305C1F23E3CC001A7BA4 /* MainScreenController.swift */,
				6B5848811F28166F00F3A469 /* CollectionViewCell.swift */,
				6B55305E1F23E3CC001A7BA4 /* Main.storyboard */,
				6B79C4091F296ADC0069ABC1 /* OpeningScreenViewController.swift */,
				6B5530611F23E3CC001A7BA4 /* Assets.xcassets */,
				6B5530631F23E3CC001A7BA4 /* LaunchScreen.storyboard */,
				6B55307A1F23EA56001A7BA4 /* ImageProcessing.swift */,
				6B5530661F23E3CC001A7BA4 /* Info.plist */,
			);
			name = Pixelizer;
			path = PixelSorting;
			sourceTree = "<group>";
		};
		6B55306E1F23E3CC001A7BA4 /* PixelizerUITests */ = {
			isa = PBXGroup;
			children = (
				6B55306F1F23E3CC001A7BA4 /* PixelSortingUITests.swift */,
				6B5530711F23E3CC001A7BA4 /* Info.plist */,
			);
			name = PixelizerUITests;
			path = PixelSortingUITests;
			sourceTree = "<group>";
		};
		A7D13C201F315D2A00359287 /* Frameworks */ = {
			isa = PBXGroup;
			children = (
				A7D13C231F315D3100359287 /* AVFoundation.framework */,
				A7D13C211F315D2A00359287 /* AVKit.framework */,
			);
			name = Frameworks;
			sourceTree = "<group>";
		};
/* End PBXGroup section */

/* Begin PBXNativeTarget section */
		6B5530561F23E3CC001A7BA4 /* Pixelizer */ = {
			isa = PBXNativeTarget;
			buildConfigurationList = 6B5530741F23E3CC001A7BA4 /* Build configuration list for PBXNativeTarget "Pixelizer" */;
			buildPhases = (
				6B5530531F23E3CC001A7BA4 /* Sources */,
				6B5530541F23E3CC001A7BA4 /* Frameworks */,
				6B5530551F23E3CC001A7BA4 /* Resources */,
			);
			buildRules = (
			);
			dependencies = (
			);
			name = Pixelizer;
			productName = PixelSorting;
			productReference = 6B5530571F23E3CC001A7BA4 /* Pixelizer.app */;
			productType = "com.apple.product-type.application";
		};
		6B55306A1F23E3CC001A7BA4 /* PixelizerUITests */ = {
			isa = PBXNativeTarget;
			buildConfigurationList = 6B5530771F23E3CC001A7BA4 /* Build configuration list for PBXNativeTarget "PixelizerUITests" */;
			buildPhases = (
				6B5530671F23E3CC001A7BA4 /* Sources */,
				6B5530681F23E3CC001A7BA4 /* Frameworks */,
				6B5530691F23E3CC001A7BA4 /* Resources */,
			);
			buildRules = (
			);
			dependencies = (
				6B55306D1F23E3CC001A7BA4 /* PBXTargetDependency */,
			);
			name = PixelizerUITests;
			productName = PixelSortingUITests;
			productReference = 6B55306B1F23E3CC001A7BA4 /* PixelizerUITests.xctest */;
			productType = "com.apple.product-type.bundle.ui-testing";
		};
/* End PBXNativeTarget section */

/* Begin PBXProject section */
		6B55304F1F23E3CC001A7BA4 /* Project object */ = {
			isa = PBXProject;
			attributes = {
				LastSwiftUpdateCheck = 0830;
				LastUpgradeCheck = 0830;
				ORGANIZATIONNAME = "Christian Flanders";
				TargetAttributes = {
					6B5530561F23E3CC001A7BA4 = {
						CreatedOnToolsVersion = 8.3.3;
						DevelopmentTeam = BTZ9REK356;
						ProvisioningStyle = Automatic;
					};
					6B55306A1F23E3CC001A7BA4 = {
						CreatedOnToolsVersion = 8.3.3;
						ProvisioningStyle = Automatic;
						TestTargetID = 6B5530561F23E3CC001A7BA4;
					};
				};
			};
			buildConfigurationList = 6B5530521F23E3CC001A7BA4 /* Build configuration list for PBXProject "Pixelizer" */;
			compatibilityVersion = "Xcode 3.2";
			developmentRegion = English;
			hasScannedForEncodings = 0;
			knownRegions = (
				en,
				Base,
			);
			mainGroup = 6B55304E1F23E3CC001A7BA4;
			productRefGroup = 6B5530581F23E3CC001A7BA4 /* Products */;
			projectDirPath = "";
			projectRoot = "";
			targets = (
				6B5530561F23E3CC001A7BA4 /* Pixelizer */,
				6B55306A1F23E3CC001A7BA4 /* PixelizerUITests */,
			);
		};
/* End PBXProject section */

/* Begin PBXResourcesBuildPhase section */
		6B5530551F23E3CC001A7BA4 /* Resources */ = {
			isa = PBXResourcesBuildPhase;
			buildActionMask = 2147483647;
			files = (
				6B5530651F23E3CC001A7BA4 /* LaunchScreen.storyboard in Resources */,
				6B5530621F23E3CC001A7BA4 /* Assets.xcassets in Resources */,
				6B5530601F23E3CC001A7BA4 /* Main.storyboard in Resources */,
			);
			runOnlyForDeploymentPostprocessing = 0;
		};
		6B5530691F23E3CC001A7BA4 /* Resources */ = {
			isa = PBXResourcesBuildPhase;
			buildActionMask = 2147483647;
			files = (
			);
			runOnlyForDeploymentPostprocessing = 0;
		};
/* End PBXResourcesBuildPhase section */

/* Begin PBXSourcesBuildPhase section */
		6B5530531F23E3CC001A7BA4 /* Sources */ = {
			isa = PBXSourcesBuildPhase;
			buildActionMask = 2147483647;
			files = (
				6B55305D1F23E3CC001A7BA4 /* MainScreenController.swift in Sources */,
				6B55305B1F23E3CC001A7BA4 /* AppDelegate.swift in Sources */,
				6B5848821F28166F00F3A469 /* CollectionViewCell.swift in Sources */,
				6B55307B1F23EA56001A7BA4 /* ImageProcessing.swift in Sources */,
				6B79C40A1F296ADC0069ABC1 /* OpeningScreenViewController.swift in Sources */,
			);
			runOnlyForDeploymentPostprocessing = 0;
		};
		6B5530671F23E3CC001A7BA4 /* Sources */ = {
			isa = PBXSourcesBuildPhase;
			buildActionMask = 2147483647;
			files = (
				6B5530701F23E3CC001A7BA4 /* PixelSortingUITests.swift in Sources */,
			);
			runOnlyForDeploymentPostprocessing = 0;
		};
/* End PBXSourcesBuildPhase section */

/* Begin PBXTargetDependency section */
		6B55306D1F23E3CC001A7BA4 /* PBXTargetDependency */ = {
			isa = PBXTargetDependency;
			target = 6B5530561F23E3CC001A7BA4 /* Pixelizer */;
			targetProxy = 6B55306C1F23E3CC001A7BA4 /* PBXContainerItemProxy */;
		};
/* End PBXTargetDependency section */

/* Begin PBXVariantGroup section */
		6B55305E1F23E3CC001A7BA4 /* Main.storyboard */ = {
			isa = PBXVariantGroup;
			children = (
				6B55305F1F23E3CC001A7BA4 /* Base */,
			);
			name = Main.storyboard;
			sourceTree = "<group>";
		};
		6B5530631F23E3CC001A7BA4 /* LaunchScreen.storyboard */ = {
			isa = PBXVariantGroup;
			children = (
				6B5530641F23E3CC001A7BA4 /* Base */,
			);
			name = LaunchScreen.storyboard;
			sourceTree = "<group>";
		};
/* End PBXVariantGroup section */

/* Begin XCBuildConfiguration section */
		6B5530721F23E3CC001A7BA4 /* Debug */ = {
			isa = XCBuildConfiguration;
			buildSettings = {
				ALWAYS_SEARCH_USER_PATHS = NO;
				CLANG_ANALYZER_NONNULL = YES;
				CLANG_ANALYZER_NUMBER_OBJECT_CONVERSION = YES_AGGRESSIVE;
				CLANG_CXX_LANGUAGE_STANDARD = "gnu++0x";
				CLANG_CXX_LIBRARY = "libc++";
				CLANG_ENABLE_MODULES = YES;
				CLANG_ENABLE_OBJC_ARC = YES;
				CLANG_WARN_BOOL_CONVERSION = YES;
				CLANG_WARN_CONSTANT_CONVERSION = YES;
				CLANG_WARN_DIRECT_OBJC_ISA_USAGE = YES_ERROR;
				CLANG_WARN_DOCUMENTATION_COMMENTS = YES;
				CLANG_WARN_EMPTY_BODY = YES;
				CLANG_WARN_ENUM_CONVERSION = YES;
				CLANG_WARN_INFINITE_RECURSION = YES;
				CLANG_WARN_INT_CONVERSION = YES;
				CLANG_WARN_OBJC_ROOT_CLASS = YES_ERROR;
				CLANG_WARN_SUSPICIOUS_MOVE = YES;
				CLANG_WARN_UNREACHABLE_CODE = YES;
				CLANG_WARN__DUPLICATE_METHOD_MATCH = YES;
				"CODE_SIGN_IDENTITY[sdk=iphoneos*]" = "iPhone Developer";
				COPY_PHASE_STRIP = NO;
				DEBUG_INFORMATION_FORMAT = dwarf;
				ENABLE_STRICT_OBJC_MSGSEND = YES;
				ENABLE_TESTABILITY = YES;
				GCC_C_LANGUAGE_STANDARD = gnu99;
				GCC_DYNAMIC_NO_PIC = NO;
				GCC_NO_COMMON_BLOCKS = YES;
				GCC_OPTIMIZATION_LEVEL = 0;
				GCC_PREPROCESSOR_DEFINITIONS = (
					"DEBUG=1",
					"$(inherited)",
				);
				GCC_WARN_64_TO_32_BIT_CONVERSION = YES;
				GCC_WARN_ABOUT_RETURN_TYPE = YES_ERROR;
				GCC_WARN_UNDECLARED_SELECTOR = YES;
				GCC_WARN_UNINITIALIZED_AUTOS = YES_AGGRESSIVE;
				GCC_WARN_UNUSED_FUNCTION = YES;
				GCC_WARN_UNUSED_VARIABLE = YES;
				IPHONEOS_DEPLOYMENT_TARGET = 10.3;
				MTL_ENABLE_DEBUG_INFO = YES;
				ONLY_ACTIVE_ARCH = YES;
				SDKROOT = iphoneos;
				SWIFT_ACTIVE_COMPILATION_CONDITIONS = DEBUG;
				SWIFT_OPTIMIZATION_LEVEL = "-Owholemodule";
			};
			name = Debug;
		};
		6B5530731F23E3CC001A7BA4 /* Release */ = {
			isa = XCBuildConfiguration;
			buildSettings = {
				ALWAYS_SEARCH_USER_PATHS = NO;
				CLANG_ANALYZER_NONNULL = YES;
				CLANG_ANALYZER_NUMBER_OBJECT_CONVERSION = YES_AGGRESSIVE;
				CLANG_CXX_LANGUAGE_STANDARD = "gnu++0x";
				CLANG_CXX_LIBRARY = "libc++";
				CLANG_ENABLE_MODULES = YES;
				CLANG_ENABLE_OBJC_ARC = YES;
				CLANG_WARN_BOOL_CONVERSION = YES;
				CLANG_WARN_CONSTANT_CONVERSION = YES;
				CLANG_WARN_DIRECT_OBJC_ISA_USAGE = YES_ERROR;
				CLANG_WARN_DOCUMENTATION_COMMENTS = YES;
				CLANG_WARN_EMPTY_BODY = YES;
				CLANG_WARN_ENUM_CONVERSION = YES;
				CLANG_WARN_INFINITE_RECURSION = YES;
				CLANG_WARN_INT_CONVERSION = YES;
				CLANG_WARN_OBJC_ROOT_CLASS = YES_ERROR;
				CLANG_WARN_SUSPICIOUS_MOVE = YES;
				CLANG_WARN_UNREACHABLE_CODE = YES;
				CLANG_WARN__DUPLICATE_METHOD_MATCH = YES;
				"CODE_SIGN_IDENTITY[sdk=iphoneos*]" = "iPhone Developer";
				COPY_PHASE_STRIP = NO;
				DEBUG_INFORMATION_FORMAT = "dwarf-with-dsym";
				ENABLE_NS_ASSERTIONS = NO;
				ENABLE_STRICT_OBJC_MSGSEND = YES;
				GCC_C_LANGUAGE_STANDARD = gnu99;
				GCC_NO_COMMON_BLOCKS = YES;
				GCC_WARN_64_TO_32_BIT_CONVERSION = YES;
				GCC_WARN_ABOUT_RETURN_TYPE = YES_ERROR;
				GCC_WARN_UNDECLARED_SELECTOR = YES;
				GCC_WARN_UNINITIALIZED_AUTOS = YES_AGGRESSIVE;
				GCC_WARN_UNUSED_FUNCTION = YES;
				GCC_WARN_UNUSED_VARIABLE = YES;
				IPHONEOS_DEPLOYMENT_TARGET = 10.3;
				MTL_ENABLE_DEBUG_INFO = NO;
				SDKROOT = iphoneos;
				SWIFT_OPTIMIZATION_LEVEL = "-Owholemodule";
				VALIDATE_PRODUCT = YES;
			};
			name = Release;
		};
		6B5530751F23E3CC001A7BA4 /* Debug */ = {
			isa = XCBuildConfiguration;
			buildSettings = {
				ASSETCATALOG_COMPILER_APPICON_NAME = AppIcon;
				DEVELOPMENT_TEAM = BTZ9REK356;
				INFOPLIST_FILE = PixelSorting/Info.plist;
				LD_RUNPATH_SEARCH_PATHS = "$(inherited) @executable_path/Frameworks";
				PRODUCT_BUNDLE_IDENTIFIER = com.zanzibartech.Pixelizer;
				PRODUCT_NAME = "$(TARGET_NAME)";
				SWIFT_VERSION = 3.0;
				TARGETED_DEVICE_FAMILY = 1;
			};
			name = Debug;
		};
		6B5530761F23E3CC001A7BA4 /* Release */ = {
			isa = XCBuildConfiguration;
			buildSettings = {
				ASSETCATALOG_COMPILER_APPICON_NAME = AppIcon;
				DEVELOPMENT_TEAM = BTZ9REK356;
				INFOPLIST_FILE = PixelSorting/Info.plist;
				LD_RUNPATH_SEARCH_PATHS = "$(inherited) @executable_path/Frameworks";
				PRODUCT_BUNDLE_IDENTIFIER = com.zanzibartech.Pixelizer;
				PRODUCT_NAME = "$(TARGET_NAME)";
				SWIFT_VERSION = 3.0;
				TARGETED_DEVICE_FAMILY = 1;
			};
			name = Release;
		};
		6B5530781F23E3CC001A7BA4 /* Debug */ = {
			isa = XCBuildConfiguration;
			buildSettings = {
				ALWAYS_EMBED_SWIFT_STANDARD_LIBRARIES = YES;
				INFOPLIST_FILE = PixelSortingUITests/Info.plist;
				LD_RUNPATH_SEARCH_PATHS = "$(inherited) @executable_path/Frameworks @loader_path/Frameworks";
				PRODUCT_BUNDLE_IDENTIFIER = com.zanzibartech.PixelizerUITests;
				PRODUCT_NAME = "$(TARGET_NAME)";
				SWIFT_VERSION = 3.0;
				TEST_TARGET_NAME = PixelSorting;
			};
			name = Debug;
		};
		6B5530791F23E3CC001A7BA4 /* Release */ = {
			isa = XCBuildConfiguration;
			buildSettings = {
				ALWAYS_EMBED_SWIFT_STANDARD_LIBRARIES = YES;
				INFOPLIST_FILE = PixelSortingUITests/Info.plist;
				LD_RUNPATH_SEARCH_PATHS = "$(inherited) @executable_path/Frameworks @loader_path/Frameworks";
				PRODUCT_BUNDLE_IDENTIFIER = com.zanzibartech.PixelizerUITests;
				PRODUCT_NAME = "$(TARGET_NAME)";
				SWIFT_VERSION = 3.0;
				TEST_TARGET_NAME = PixelSorting;
			};
			name = Release;
		};
/* End XCBuildConfiguration section */

/* Begin XCConfigurationList section */
		6B5530521F23E3CC001A7BA4 /* Build configuration list for PBXProject "Pixelizer" */ = {
			isa = XCConfigurationList;
			buildConfigurations = (
				6B5530721F23E3CC001A7BA4 /* Debug */,
				6B5530731F23E3CC001A7BA4 /* Release */,
			);
			defaultConfigurationIsVisible = 0;
			defaultConfigurationName = Release;
		};
		6B5530741F23E3CC001A7BA4 /* Build configuration list for PBXNativeTarget "Pixelizer" */ = {
			isa = XCConfigurationList;
			buildConfigurations = (
				6B5530751F23E3CC001A7BA4 /* Debug */,
				6B5530761F23E3CC001A7BA4 /* Release */,
			);
			defaultConfigurationIsVisible = 0;
			defaultConfigurationName = Release;
		};
		6B5530771F23E3CC001A7BA4 /* Build configuration list for PBXNativeTarget "PixelizerUITests" */ = {
			isa = XCConfigurationList;
			buildConfigurations = (
				6B5530781F23E3CC001A7BA4 /* Debug */,
				6B5530791F23E3CC001A7BA4 /* Release */,
			);
			defaultConfigurationIsVisible = 0;
			defaultConfigurationName = Release;
		};
/* End XCConfigurationList section */
	};
	rootObject = 6B55304F1F23E3CC001A7BA4 /* Project object */;
}
